
Microsoft Visual Studio Solution File, Format Version 12.00
# Visual Studio 15
VisualStudioVersion = 15.0.28010.2036
MinimumVisualStudioVersion = 10.0.40219.1
Project("{FAE04EC0-301F-11D3-BF4B-00C04F79EFBC}") = "ConsoleExploarPastasArquivos", "ConsoleExploarPastasArquivos\ConsoleExploarPastasArquivos.csproj", "{43D14F85-76D4-43B0-800D-CD347A225C0D}"
EndProject
Global
	GlobalSection(SolutionConfigurationPlatforms) = preSolution
		Debug|Any CPU = Debug|Any CPU
		Release|Any CPU = Release|Any CPU
	EndGlobalSection
	GlobalSection(ProjectConfigurationPlatforms) = postSolution
		{43D14F85-76D4-43B0-800D-CD347A225C0D}.Debug|Any CPU.ActiveCfg = Debug|Any CPU
		{43D14F85-76D4-43B0-800D-CD347A225C0D}.Debug|Any CPU.Build.0 = Debug|Any CPU
		{43D14F85-76D4-43B0-800D-CD347A225C0D}.Release|Any CPU.ActiveCfg = Release|Any CPU
		{43D14F85-76D4-43B0-800D-CD347A225C0D}.Release|Any CPU.Build.0 = Release|Any CPU
	EndGlobalSection
	GlobalSection(SolutionProperties) = preSolution
		HideSolutionNode = FALSE
	EndGlobalSection
	GlobalSection(ExtensibilityGlobals) = postSolution
		SolutionGuid = {8FA18E11-EFB2-4976-9945-56B64CA8A480}
	EndGlobalSection
EndGlobal
